
Microsoft Visual Studio Solution File, Format Version 12.00
# Visual Studio Version 17
VisualStudioVersion = 17.3.32825.248
MinimumVisualStudioVersion = 10.0.40219.1
Project("{FAE04EC0-301F-11D3-BF4B-00C04F79EFBC}") = "ex1", "ex1\ex1.csproj", "{944C7AA7-4533-4EB5-8F7A-EAE1EAF36A32}"
EndProject
Global
	GlobalSection(SolutionConfigurationPlatforms) = preSolution
		Debug|Any CPU = Debug|Any CPU
		Release|Any CPU = Release|Any CPU
	EndGlobalSection
	GlobalSection(ProjectConfigurationPlatforms) = postSolution
		{944C7AA7-4533-4EB5-8F7A-EAE1EAF36A32}.Debug|Any CPU.ActiveCfg = Debug|Any CPU
		{944C7AA7-4533-4EB5-8F7A-EAE1EAF36A32}.Debug|Any CPU.Build.0 = Debug|Any CPU
		{944C7AA7-4533-4EB5-8F7A-EAE1EAF36A32}.Release|Any CPU.ActiveCfg = Release|Any CPU
		{944C7AA7-4533-4EB5-8F7A-EAE1EAF36A32}.Release|Any CPU.Build.0 = Release|Any CPU
	EndGlobalSection
	GlobalSection(SolutionProperties) = preSolution
		HideSolutionNode = FALSE
	EndGlobalSection
	GlobalSection(ExtensibilityGlobals) = postSolution
		SolutionGuid = {53B132FD-81D2-4750-BC4C-972671F7B04F}
	EndGlobalSection
EndGlobal
